// !$*UTF8*$!
{
	archiveVersion = 1;
	classes = {
	};
	objectVersion = 55;
	objects = {

/* Begin PBXBuildFile section */
		CB410D84284A2F0F0098EBD1 /* ApplicationError.swift in Sources */ = {isa = PBXBuildFile; fileRef = CB410D83284A2F0F0098EBD1 /* ApplicationError.swift */; };
		CB410D86284A2F620098EBD1 /* HtmlMeta.swift in Sources */ = {isa = PBXBuildFile; fileRef = CB410D85284A2F620098EBD1 /* HtmlMeta.swift */; };
		CB410D88284A2FAE0098EBD1 /* ConvertWordPressCSV.swift in Sources */ = {isa = PBXBuildFile; fileRef = CB410D87284A2FAE0098EBD1 /* ConvertWordPressCSV.swift */; };
		CB6BB34828438E8200DD666F /* main.swift in Sources */ = {isa = PBXBuildFile; fileRef = CB6BB34728438E8200DD666F /* main.swift */; };
		CBC1CC8D28439118005075F2 /* SwiftOrg in Frameworks */ = {isa = PBXBuildFile; productRef = CBC1CC8C28439118005075F2 /* SwiftOrg */; };
		CBC1CC90284393D6005075F2 /* ArgumentParser in Frameworks */ = {isa = PBXBuildFile; productRef = CBC1CC8F284393D6005075F2 /* ArgumentParser */; };
		CBF41BDE2848C2B20075DB1E /* CodableCSV in Frameworks */ = {isa = PBXBuildFile; productRef = CBF41BDD2848C2B20075DB1E /* CodableCSV */; };
/* End PBXBuildFile section */

/* Begin PBXCopyFilesBuildPhase section */
		CB6BB34228438E8200DD666F /* CopyFiles */ = {
			isa = PBXCopyFilesBuildPhase;
			buildActionMask = 2147483647;
			dstPath = /usr/share/man/man1/;
			dstSubfolderSpec = 0;
			files = (
			);
			runOnlyForDeploymentPostprocessing = 1;
		};
/* End PBXCopyFilesBuildPhase section */

/* Begin PBXFileReference section */
		CB410D83284A2F0F0098EBD1 /* ApplicationError.swift */ = {isa = PBXFileReference; lastKnownFileType = sourcecode.swift; path = ApplicationError.swift; sourceTree = "<group>"; };
		CB410D85284A2F620098EBD1 /* HtmlMeta.swift */ = {isa = PBXFileReference; lastKnownFileType = sourcecode.swift; path = HtmlMeta.swift; sourceTree = "<group>"; };
		CB410D87284A2FAE0098EBD1 /* ConvertWordPressCSV.swift */ = {isa = PBXFileReference; lastKnownFileType = sourcecode.swift; path = ConvertWordPressCSV.swift; sourceTree = "<group>"; };
		CB6BB34428438E8200DD666F /* OrgPool */ = {isa = PBXFileReference; explicitFileType = "compiled.mach-o.executable"; includeInIndex = 0; path = OrgPool; sourceTree = BUILT_PRODUCTS_DIR; };
		CB6BB34728438E8200DD666F /* main.swift */ = {isa = PBXFileReference; lastKnownFileType = sourcecode.swift; path = main.swift; sourceTree = "<group>"; };
/* End PBXFileReference section */

/* Begin PBXFrameworksBuildPhase section */
		CB6BB34128438E8200DD666F /* Frameworks */ = {
			isa = PBXFrameworksBuildPhase;
			buildActionMask = 2147483647;
			files = (
				CBC1CC90284393D6005075F2 /* ArgumentParser in Frameworks */,
				CBF41BDE2848C2B20075DB1E /* CodableCSV in Frameworks */,
				CBC1CC8D28439118005075F2 /* SwiftOrg in Frameworks */,
			);
			runOnlyForDeploymentPostprocessing = 0;
		};
/* End PBXFrameworksBuildPhase section */

/* Begin PBXGroup section */
		CB6BB33B28438E8200DD666F = {
			isa = PBXGroup;
			children = (
				CB6BB34628438E8200DD666F /* OrgPool */,
				CB6BB34528438E8200DD666F /* Products */,
				CBC1CC8B28439118005075F2 /* Frameworks */,
			);
			sourceTree = "<group>";
		};
		CB6BB34528438E8200DD666F /* Products */ = {
			isa = PBXGroup;
			children = (
				CB6BB34428438E8200DD666F /* OrgPool */,
			);
			name = Products;
			sourceTree = "<group>";
		};
		CB6BB34628438E8200DD666F /* OrgPool */ = {
			isa = PBXGroup;
			children = (
				CB6BB34728438E8200DD666F /* main.swift */,
				CB410D83284A2F0F0098EBD1 /* ApplicationError.swift */,
				CB410D85284A2F620098EBD1 /* HtmlMeta.swift */,
				CB410D87284A2FAE0098EBD1 /* ConvertWordPressCSV.swift */,
			);
			path = OrgPool;
			sourceTree = "<group>";
		};
		CBC1CC8B28439118005075F2 /* Frameworks */ = {
			isa = PBXGroup;
			children = (
			);
			name = Frameworks;
			sourceTree = "<group>";
		};
/* End PBXGroup section */

/* Begin PBXNativeTarget section */
		CB6BB34328438E8200DD666F /* OrgPool */ = {
			isa = PBXNativeTarget;
			buildConfigurationList = CB6BB34B28438E8200DD666F /* Build configuration list for PBXNativeTarget "OrgPool" */;
			buildPhases = (
				CB6BB34028438E8200DD666F /* Sources */,
				CB6BB34128438E8200DD666F /* Frameworks */,
				CB6BB34228438E8200DD666F /* CopyFiles */,
			);
			buildRules = (
			);
			dependencies = (
			);
			name = OrgPool;
			packageProductDependencies = (
				CBC1CC8C28439118005075F2 /* SwiftOrg */,
				CBC1CC8F284393D6005075F2 /* ArgumentParser */,
				CBF41BDD2848C2B20075DB1E /* CodableCSV */,
			);
			productName = orgengine;
			productReference = CB6BB34428438E8200DD666F /* OrgPool */;
			productType = "com.apple.product-type.tool";
		};
/* End PBXNativeTarget section */

/* Begin PBXProject section */
		CB6BB33C28438E8200DD666F /* Project object */ = {
			isa = PBXProject;
			attributes = {
				BuildIndependentTargetsInParallel = 1;
				LastSwiftUpdateCheck = 1330;
				LastUpgradeCheck = 1330;
				TargetAttributes = {
					CB6BB34328438E8200DD666F = {
						CreatedOnToolsVersion = 13.3.1;
					};
				};
			};
			buildConfigurationList = CB6BB33F28438E8200DD666F /* Build configuration list for PBXProject "OrgPool" */;
			compatibilityVersion = "Xcode 13.0";
			developmentRegion = en;
			hasScannedForEncodings = 0;
			knownRegions = (
				en,
				Base,
			);
			mainGroup = CB6BB33B28438E8200DD666F;
			packageReferences = (
				CB6BB3502843908500DD666F /* XCRemoteSwiftPackageReference "swift-org" */,
				CBC1CC8E284393D6005075F2 /* XCRemoteSwiftPackageReference "swift-argument-parser" */,
				CBF41BDC2848C2B20075DB1E /* XCRemoteSwiftPackageReference "CodableCSV" */,
			);
			productRefGroup = CB6BB34528438E8200DD666F /* Products */;
			projectDirPath = "";
			projectRoot = "";
			targets = (
				CB6BB34328438E8200DD666F /* OrgPool */,
			);
		};
/* End PBXProject section */

/* Begin PBXSourcesBuildPhase section */
		CB6BB34028438E8200DD666F /* Sources */ = {
			isa = PBXSourcesBuildPhase;
			buildActionMask = 2147483647;
			files = (
				CB410D86284A2F620098EBD1 /* HtmlMeta.swift in Sources */,
				CB6BB34828438E8200DD666F /* main.swift in Sources */,
				CB410D88284A2FAE0098EBD1 /* ConvertWordPressCSV.swift in Sources */,
				CB410D84284A2F0F0098EBD1 /* ApplicationError.swift in Sources */,
			);
			runOnlyForDeploymentPostprocessing = 0;
		};
/* End PBXSourcesBuildPhase section */

/* Begin XCBuildConfiguration section */
		CB6BB34928438E8200DD666F /* Debug */ = {
			isa = XCBuildConfiguration;
			buildSettings = {
				ALWAYS_SEARCH_USER_PATHS = NO;
				CLANG_ANALYZER_NONNULL = YES;
				CLANG_ANALYZER_NUMBER_OBJECT_CONVERSION = YES_AGGRESSIVE;
				CLANG_CXX_LANGUAGE_STANDARD = "gnu++17";
				CLANG_ENABLE_MODULES = YES;
				CLANG_ENABLE_OBJC_ARC = YES;
				CLANG_ENABLE_OBJC_WEAK = YES;
				CLANG_WARN_BLOCK_CAPTURE_AUTORELEASING = YES;
				CLANG_WARN_BOOL_CONVERSION = YES;
				CLANG_WARN_COMMA = YES;
				CLANG_WARN_CONSTANT_CONVERSION = YES;
				CLANG_WARN_DEPRECATED_OBJC_IMPLEMENTATIONS = YES;
				CLANG_WARN_DIRECT_OBJC_ISA_USAGE = YES_ERROR;
				CLANG_WARN_DOCUMENTATION_COMMENTS = YES;
				CLANG_WARN_EMPTY_BODY = YES;
				CLANG_WARN_ENUM_CONVERSION = YES;
				CLANG_WARN_INFINITE_RECURSION = YES;
				CLANG_WARN_INT_CONVERSION = YES;
				CLANG_WARN_NON_LITERAL_NULL_CONVERSION = YES;
				CLANG_WARN_OBJC_IMPLICIT_RETAIN_SELF = YES;
				CLANG_WARN_OBJC_LITERAL_CONVERSION = YES;
				CLANG_WARN_OBJC_ROOT_CLASS = YES_ERROR;
				CLANG_WARN_QUOTED_INCLUDE_IN_FRAMEWORK_HEADER = YES;
				CLANG_WARN_RANGE_LOOP_ANALYSIS = YES;
				CLANG_WARN_STRICT_PROTOTYPES = YES;
				CLANG_WARN_SUSPICIOUS_MOVE = YES;
				CLANG_WARN_UNGUARDED_AVAILABILITY = YES_AGGRESSIVE;
				CLANG_WARN_UNREACHABLE_CODE = YES;
				CLANG_WARN__DUPLICATE_METHOD_MATCH = YES;
				COPY_PHASE_STRIP = NO;
				DEBUG_INFORMATION_FORMAT = dwarf;
				ENABLE_STRICT_OBJC_MSGSEND = YES;
				ENABLE_TESTABILITY = YES;
				GCC_C_LANGUAGE_STANDARD = gnu11;
				GCC_DYNAMIC_NO_PIC = NO;
				GCC_NO_COMMON_BLOCKS = YES;
				GCC_OPTIMIZATION_LEVEL = 0;
				GCC_PREPROCESSOR_DEFINITIONS = (
					"DEBUG=1",
					"$(inherited)",
				);
				GCC_WARN_64_TO_32_BIT_CONVERSION = YES;
				GCC_WARN_ABOUT_RETURN_TYPE = YES_ERROR;
				GCC_WARN_UNDECLARED_SELECTOR = YES;
				GCC_WARN_UNINITIALIZED_AUTOS = YES_AGGRESSIVE;
				GCC_WARN_UNUSED_FUNCTION = YES;
				GCC_WARN_UNUSED_VARIABLE = YES;
				MACOSX_DEPLOYMENT_TARGET = 12.3;
				MTL_ENABLE_DEBUG_INFO = INCLUDE_SOURCE;
				MTL_FAST_MATH = YES;
				ONLY_ACTIVE_ARCH = YES;
				SDKROOT = macosx;
				SWIFT_ACTIVE_COMPILATION_CONDITIONS = DEBUG;
				SWIFT_OPTIMIZATION_LEVEL = "-Onone";
			};
			name = Debug;
		};
		CB6BB34A28438E8200DD666F /* Release */ = {
			isa = XCBuildConfiguration;
			buildSettings = {
				ALWAYS_SEARCH_USER_PATHS = NO;
				CLANG_ANALYZER_NONNULL = YES;
				CLANG_ANALYZER_NUMBER_OBJECT_CONVERSION = YES_AGGRESSIVE;
				CLANG_CXX_LANGUAGE_STANDARD = "gnu++17";
				CLANG_ENABLE_MODULES = YES;
				CLANG_ENABLE_OBJC_ARC = YES;
				CLANG_ENABLE_OBJC_WEAK = YES;
				CLANG_WARN_BLOCK_CAPTURE_AUTORELEASING = YES;
				CLANG_WARN_BOOL_CONVERSION = YES;
				CLANG_WARN_COMMA = YES;
				CLANG_WARN_CONSTANT_CONVERSION = YES;
				CLANG_WARN_DEPRECATED_OBJC_IMPLEMENTATIONS = YES;
				CLANG_WARN_DIRECT_OBJC_ISA_USAGE = YES_ERROR;
				CLANG_WARN_DOCUMENTATION_COMMENTS = YES;
				CLANG_WARN_EMPTY_BODY = YES;
				CLANG_WARN_ENUM_CONVERSION = YES;
				CLANG_WARN_INFINITE_RECURSION = YES;
				CLANG_WARN_INT_CONVERSION = YES;
				CLANG_WARN_NON_LITERAL_NULL_CONVERSION = YES;
				CLANG_WARN_OBJC_IMPLICIT_RETAIN_SELF = YES;
				CLANG_WARN_OBJC_LITERAL_CONVERSION = YES;
				CLANG_WARN_OBJC_ROOT_CLASS = YES_ERROR;
				CLANG_WARN_QUOTED_INCLUDE_IN_FRAMEWORK_HEADER = YES;
				CLANG_WARN_RANGE_LOOP_ANALYSIS = YES;
				CLANG_WARN_STRICT_PROTOTYPES = YES;
				CLANG_WARN_SUSPICIOUS_MOVE = YES;
				CLANG_WARN_UNGUARDED_AVAILABILITY = YES_AGGRESSIVE;
				CLANG_WARN_UNREACHABLE_CODE = YES;
				CLANG_WARN__DUPLICATE_METHOD_MATCH = YES;
				COPY_PHASE_STRIP = NO;
				DEBUG_INFORMATION_FORMAT = "dwarf-with-dsym";
				ENABLE_NS_ASSERTIONS = NO;
				ENABLE_STRICT_OBJC_MSGSEND = YES;
				GCC_C_LANGUAGE_STANDARD = gnu11;
				GCC_NO_COMMON_BLOCKS = YES;
				GCC_WARN_64_TO_32_BIT_CONVERSION = YES;
				GCC_WARN_ABOUT_RETURN_TYPE = YES_ERROR;
				GCC_WARN_UNDECLARED_SELECTOR = YES;
				GCC_WARN_UNINITIALIZED_AUTOS = YES_AGGRESSIVE;
				GCC_WARN_UNUSED_FUNCTION = YES;
				GCC_WARN_UNUSED_VARIABLE = YES;
				MACOSX_DEPLOYMENT_TARGET = 12.3;
				MTL_ENABLE_DEBUG_INFO = NO;
				MTL_FAST_MATH = YES;
				SDKROOT = macosx;
				SWIFT_COMPILATION_MODE = wholemodule;
				SWIFT_OPTIMIZATION_LEVEL = "-O";
			};
			name = Release;
		};
		CB6BB34C28438E8200DD666F /* Debug */ = {
			isa = XCBuildConfiguration;
			buildSettings = {
				CODE_SIGN_STYLE = Automatic;
				PRODUCT_NAME = "$(TARGET_NAME)";
				SWIFT_VERSION = 5.0;
			};
			name = Debug;
		};
		CB6BB34D28438E8200DD666F /* Release */ = {
			isa = XCBuildConfiguration;
			buildSettings = {
				CODE_SIGN_STYLE = Automatic;
				PRODUCT_NAME = "$(TARGET_NAME)";
				SWIFT_VERSION = 5.0;
			};
			name = Release;
		};
/* End XCBuildConfiguration section */

/* Begin XCConfigurationList section */
		CB6BB33F28438E8200DD666F /* Build configuration list for PBXProject "OrgPool" */ = {
			isa = XCConfigurationList;
			buildConfigurations = (
				CB6BB34928438E8200DD666F /* Debug */,
				CB6BB34A28438E8200DD666F /* Release */,
			);
			defaultConfigurationIsVisible = 0;
			defaultConfigurationName = Release;
		};
		CB6BB34B28438E8200DD666F /* Build configuration list for PBXNativeTarget "OrgPool" */ = {
			isa = XCConfigurationList;
			buildConfigurations = (
				CB6BB34C28438E8200DD666F /* Debug */,
				CB6BB34D28438E8200DD666F /* Release */,
			);
			defaultConfigurationIsVisible = 0;
			defaultConfigurationName = Release;
		};
/* End XCConfigurationList section */

/* Begin XCRemoteSwiftPackageReference section */
		CB6BB3502843908500DD666F /* XCRemoteSwiftPackageReference "swift-org" */ = {
			isa = XCRemoteSwiftPackageReference;
			repositoryURL = "https://github.com/madyankin/swift-org";
			requirement = {
				branch = master;
				kind = branch;
			};
		};
		CBC1CC8E284393D6005075F2 /* XCRemoteSwiftPackageReference "swift-argument-parser" */ = {
			isa = XCRemoteSwiftPackageReference;
			repositoryURL = "https://github.com/apple/swift-argument-parser.git";
			requirement = {
				kind = upToNextMajorVersion;
				minimumVersion = 1.0.0;
			};
		};
		CBF41BDC2848C2B20075DB1E /* XCRemoteSwiftPackageReference "CodableCSV" */ = {
			isa = XCRemoteSwiftPackageReference;
			repositoryURL = "https://github.com/dehesa/CodableCSV";
			requirement = {
				kind = upToNextMajorVersion;
				minimumVersion = 0.6.7;
			};
		};
/* End XCRemoteSwiftPackageReference section */

/* Begin XCSwiftPackageProductDependency section */
		CBC1CC8C28439118005075F2 /* SwiftOrg */ = {
			isa = XCSwiftPackageProductDependency;
			package = CB6BB3502843908500DD666F /* XCRemoteSwiftPackageReference "swift-org" */;
			productName = SwiftOrg;
		};
		CBC1CC8F284393D6005075F2 /* ArgumentParser */ = {
			isa = XCSwiftPackageProductDependency;
			package = CBC1CC8E284393D6005075F2 /* XCRemoteSwiftPackageReference "swift-argument-parser" */;
			productName = ArgumentParser;
		};
		CBF41BDD2848C2B20075DB1E /* CodableCSV */ = {
			isa = XCSwiftPackageProductDependency;
			package = CBF41BDC2848C2B20075DB1E /* XCRemoteSwiftPackageReference "CodableCSV" */;
			productName = CodableCSV;
		};
/* End XCSwiftPackageProductDependency section */
	};
	rootObject = CB6BB33C28438E8200DD666F /* Project object */;
}
